{
  "name": "collada",
  "version": "1.0.0",
  "lockfileVersion": 3,
  "requires": true,
  "packages": {
    "": {
      "name": "collada",
      "version": "1.0.0",
      "license": "ISC",
      "dependencies": {
        "collada-dae-parser": "^0.14.0"
      }
    },
    "node_modules/collada-dae-parser": {
      "version": "0.14.0",
      "resolved": "https://registry.npmjs.org/collada-dae-parser/-/collada-dae-parser-0.14.0.tgz",
      "integrity": "sha512-G3ZhqqDIBapxXJvmsWcGwSZK+Gv0d6CxTSf20cT9Hh+qwKvkJNlavqQGhxbR6p+AxVMU9YJvmpUy0lghrU0mvA==",
      "dependencies": {
        "gl-mat4": "^1.1.4",
        "xml-parser": "^1.2.1"
      },
      "bin": {
        "dae2json": "bin/dae2json.js"
      }
    },
    "node_modules/debug": {
      "version": "2.6.9",
      "resolved": "https://registry.npmjs.org/debug/-/debug-2.6.9.tgz",
      "integrity": "sha512-bC7ElrdJaJnPbAP+1EotYvqZsb3ecl5wi6Bfi6BJTUcNowp6cvspg0jXznRTKDjm/E7AdgFBVeAPVMNcKGsHMA==",
      "dependencies": {
        "ms": "2.0.0"
      }
    },
    "node_modules/gl-mat4": {
      "version": "1.2.0",
      "resolved": "https://registry.npmjs.org/gl-mat4/-/gl-mat4-1.2.0.tgz",
      "integrity": "sha512-sT5C0pwB1/e9G9AvAoLsoaJtbMGjfd/jfxo8jMCKqYYEnjZuFvqV5rehqar0538EmssjdDeiEWnKyBSTw7quoA=="
    },
    "node_modules/ms": {
      "version": "2.0.0",
      "resolved": "https://registry.npmjs.org/ms/-/ms-2.0.0.tgz",
      "integrity": "sha512-Tpp60P6IUJDTuOq/5Z8cdskzJujfwqfOTkrwIwj7IRISpnkJnT6SyJ4PCPnGMoFjC9ddhal5KVIYtAt97ix05A=="
    },
    "node_modules/xml-parser": {
      "version": "1.2.1",
      "resolved": "https://registry.npmjs.org/xml-parser/-/xml-parser-1.2.1.tgz",
      "integrity": "sha512-lPUzzmS0zdwcNtyNndCl2IwH172ozkUDqmfmH3FcuDzHVl552Kr6oNfsvteHabqTWhsrMgpijqZ/yT7Wo1/Pzw==",
      "dependencies": {
        "debug": "^2.2.0"
      }
    }
  }
}
